
Microsoft Visual Studio Solution File, Format Version 12.00
# Visual Studio 15
VisualStudioVersion = 15.0.28010.2046
MinimumVisualStudioVersion = 10.0.40219.1
Project("{FAE04EC0-301F-11D3-BF4B-00C04F79EFBC}") = "HackerEarthPractice", "HackerEarthPractice.csproj", "{8EA7FC7F-3AB3-489B-86AE-87FF06F483BD}"
EndProject
Project("{FAE04EC0-301F-11D3-BF4B-00C04F79EFBC}") = "PracticeQuestion2", "..\PracticeQuestion2\PracticeQuestion2.csproj", "{B0CF2176-5B79-46F8-8D9E-DD315703BC51}"
EndProject
Project("{FAE04EC0-301F-11D3-BF4B-00C04F79EFBC}") = "Anagrams", "Anagrams\Anagrams.csproj", "{7BB7AE43-88BA-4678-B362-2442430F595D}"
EndProject
Project("{FAE04EC0-301F-11D3-BF4B-00C04F79EFBC}") = "PalindromicString", "..\PalindromicString\PalindromicString.csproj", "{EBF57F48-BBDA-430D-AD8D-79FDAA169329}"
EndProject
Project("{FAE04EC0-301F-11D3-BF4B-00C04F79EFBC}") = "emazein", "FindProduct\emazein.csproj", "{D6C8D298-3DFF-4874-860E-A90858AA051D}"
EndProject
Project("{FAE04EC0-301F-11D3-BF4B-00C04F79EFBC}") = "Best Index", "Best Index\Best Index.csproj", "{D02DCFA8-44F4-4F14-904A-6902D9320373}"
EndProject
Project("{FAE04EC0-301F-11D3-BF4B-00C04F79EFBC}") = "SevenSegmentDisplay", "SevenSegmentDisplay\SevenSegmentDisplay.csproj", "{F9C884F0-4C4F-4C8E-A3DE-1DDF28ED82E7}"
EndProject
Project("{FAE04EC0-301F-11D3-BF4B-00C04F79EFBC}") = "FinalProduct", "..\FinalProduct\FinalProduct.csproj", "{2D04207A-B17A-4E96-A51B-35DE7623B67F}"
EndProject
Global
	GlobalSection(SolutionConfigurationPlatforms) = preSolution
		Debug|Any CPU = Debug|Any CPU
		Release|Any CPU = Release|Any CPU
	EndGlobalSection
	GlobalSection(ProjectConfigurationPlatforms) = postSolution
		{8EA7FC7F-3AB3-489B-86AE-87FF06F483BD}.Debug|Any CPU.ActiveCfg = Debug|Any CPU
		{8EA7FC7F-3AB3-489B-86AE-87FF06F483BD}.Debug|Any CPU.Build.0 = Debug|Any CPU
		{8EA7FC7F-3AB3-489B-86AE-87FF06F483BD}.Release|Any CPU.ActiveCfg = Release|Any CPU
		{8EA7FC7F-3AB3-489B-86AE-87FF06F483BD}.Release|Any CPU.Build.0 = Release|Any CPU
		{B0CF2176-5B79-46F8-8D9E-DD315703BC51}.Debug|Any CPU.ActiveCfg = Debug|Any CPU
		{B0CF2176-5B79-46F8-8D9E-DD315703BC51}.Debug|Any CPU.Build.0 = Debug|Any CPU
		{B0CF2176-5B79-46F8-8D9E-DD315703BC51}.Release|Any CPU.ActiveCfg = Release|Any CPU
		{B0CF2176-5B79-46F8-8D9E-DD315703BC51}.Release|Any CPU.Build.0 = Release|Any CPU
		{7BB7AE43-88BA-4678-B362-2442430F595D}.Debug|Any CPU.ActiveCfg = Debug|Any CPU
		{7BB7AE43-88BA-4678-B362-2442430F595D}.Debug|Any CPU.Build.0 = Debug|Any CPU
		{7BB7AE43-88BA-4678-B362-2442430F595D}.Release|Any CPU.ActiveCfg = Release|Any CPU
		{7BB7AE43-88BA-4678-B362-2442430F595D}.Release|Any CPU.Build.0 = Release|Any CPU
		{EBF57F48-BBDA-430D-AD8D-79FDAA169329}.Debug|Any CPU.ActiveCfg = Debug|Any CPU
		{EBF57F48-BBDA-430D-AD8D-79FDAA169329}.Debug|Any CPU.Build.0 = Debug|Any CPU
		{EBF57F48-BBDA-430D-AD8D-79FDAA169329}.Release|Any CPU.ActiveCfg = Release|Any CPU
		{EBF57F48-BBDA-430D-AD8D-79FDAA169329}.Release|Any CPU.Build.0 = Release|Any CPU
		{D6C8D298-3DFF-4874-860E-A90858AA051D}.Debug|Any CPU.ActiveCfg = Debug|Any CPU
		{D6C8D298-3DFF-4874-860E-A90858AA051D}.Debug|Any CPU.Build.0 = Debug|Any CPU
		{D6C8D298-3DFF-4874-860E-A90858AA051D}.Release|Any CPU.ActiveCfg = Release|Any CPU
		{D6C8D298-3DFF-4874-860E-A90858AA051D}.Release|Any CPU.Build.0 = Release|Any CPU
		{D02DCFA8-44F4-4F14-904A-6902D9320373}.Debug|Any CPU.ActiveCfg = Debug|Any CPU
		{D02DCFA8-44F4-4F14-904A-6902D9320373}.Debug|Any CPU.Build.0 = Debug|Any CPU
		{D02DCFA8-44F4-4F14-904A-6902D9320373}.Release|Any CPU.ActiveCfg = Release|Any CPU
		{D02DCFA8-44F4-4F14-904A-6902D9320373}.Release|Any CPU.Build.0 = Release|Any CPU
		{F9C884F0-4C4F-4C8E-A3DE-1DDF28ED82E7}.Debug|Any CPU.ActiveCfg = Debug|Any CPU
		{F9C884F0-4C4F-4C8E-A3DE-1DDF28ED82E7}.Debug|Any CPU.Build.0 = Debug|Any CPU
		{F9C884F0-4C4F-4C8E-A3DE-1DDF28ED82E7}.Release|Any CPU.ActiveCfg = Release|Any CPU
		{F9C884F0-4C4F-4C8E-A3DE-1DDF28ED82E7}.Release|Any CPU.Build.0 = Release|Any CPU
		{2D04207A-B17A-4E96-A51B-35DE7623B67F}.Debug|Any CPU.ActiveCfg = Debug|Any CPU
		{2D04207A-B17A-4E96-A51B-35DE7623B67F}.Debug|Any CPU.Build.0 = Debug|Any CPU
		{2D04207A-B17A-4E96-A51B-35DE7623B67F}.Release|Any CPU.ActiveCfg = Release|Any CPU
		{2D04207A-B17A-4E96-A51B-35DE7623B67F}.Release|Any CPU.Build.0 = Release|Any CPU
	EndGlobalSection
	GlobalSection(SolutionProperties) = preSolution
		HideSolutionNode = FALSE
	EndGlobalSection
	GlobalSection(ExtensibilityGlobals) = postSolution
		SolutionGuid = {8F4847E2-8765-4586-A379-4320A220CA2D}
	EndGlobalSection
EndGlobal
